
Microsoft Visual Studio Solution File, Format Version 11.00
# Visual Studio 2010
Project("{8BC9CEB8-8B4A-11D0-8D11-00A0C91BC942}") = "halftone-qrcode", "halftone-qrcode\halftone-qrcode.vcxproj", "{7AB3AB64-D9E2-4B72-BD92-0BD4A85866C5}"
EndProject
Global
	GlobalSection(SolutionConfigurationPlatforms) = preSolution
		Debug|Win32 = Debug|Win32
		Release|Win32 = Release|Win32
	EndGlobalSection
	GlobalSection(ProjectConfigurationPlatforms) = postSolution
		{7AB3AB64-D9E2-4B72-BD92-0BD4A85866C5}.Debug|Win32.ActiveCfg = Debug|Win32
		{7AB3AB64-D9E2-4B72-BD92-0BD4A85866C5}.Debug|Win32.Build.0 = Debug|Win32
		{7AB3AB64-D9E2-4B72-BD92-0BD4A85866C5}.Release|Win32.ActiveCfg = Release|Win32
		{7AB3AB64-D9E2-4B72-BD92-0BD4A85866C5}.Release|Win32.Build.0 = Release|Win32
	EndGlobalSection
	GlobalSection(SolutionProperties) = preSolution
		HideSolutionNode = FALSE
	EndGlobalSection
EndGlobal
